
Microsoft Visual Studio Solution File, Format Version 12.00
# Visual Studio Version 16
VisualStudioVersion = 16.0.30717.126
MinimumVisualStudioVersion = 10.0.40219.1
Project("{FAE04EC0-301F-11D3-BF4B-00C04F79EFBC}") = "QuanLyKhachSanDya", "QuanLyKhachSanDya\QuanLyKhachSanDya.csproj", "{201D30A4-F6E7-4AE1-AD3F-E279BC8A2DCE}"
EndProject
Project("{FAE04EC0-301F-11D3-BF4B-00C04F79EFBC}") = "BLLvsDAL", "BLLvsDAL\BLLvsDAL.csproj", "{38609870-907E-429E-929F-689836FAC249}"
EndProject
Global
	GlobalSection(SolutionConfigurationPlatforms) = preSolution
		Debug|Any CPU = Debug|Any CPU
		Release|Any CPU = Release|Any CPU
	EndGlobalSection
	GlobalSection(ProjectConfigurationPlatforms) = postSolution
		{201D30A4-F6E7-4AE1-AD3F-E279BC8A2DCE}.Debug|Any CPU.ActiveCfg = Debug|Any CPU
		{201D30A4-F6E7-4AE1-AD3F-E279BC8A2DCE}.Debug|Any CPU.Build.0 = Debug|Any CPU
		{201D30A4-F6E7-4AE1-AD3F-E279BC8A2DCE}.Release|Any CPU.ActiveCfg = Release|Any CPU
		{201D30A4-F6E7-4AE1-AD3F-E279BC8A2DCE}.Release|Any CPU.Build.0 = Release|Any CPU
		{38609870-907E-429E-929F-689836FAC249}.Debug|Any CPU.ActiveCfg = Debug|Any CPU
		{38609870-907E-429E-929F-689836FAC249}.Debug|Any CPU.Build.0 = Debug|Any CPU
		{38609870-907E-429E-929F-689836FAC249}.Release|Any CPU.ActiveCfg = Release|Any CPU
		{38609870-907E-429E-929F-689836FAC249}.Release|Any CPU.Build.0 = Release|Any CPU
	EndGlobalSection
	GlobalSection(SolutionProperties) = preSolution
		HideSolutionNode = FALSE
	EndGlobalSection
	GlobalSection(ExtensibilityGlobals) = postSolution
		SolutionGuid = {6B074BD8-C74D-4444-8A05-2D9071AE3A5E}
	EndGlobalSection
EndGlobal
